
Microsoft Visual Studio Solution File, Format Version 12.00
# Visual Studio Version 16
VisualStudioVersion = 16.0.29505.145
MinimumVisualStudioVersion = 10.0.40219.1
Project("{FAE04EC0-301F-11D3-BF4B-00C04F79EFBC}") = "winKeytest", "winKeytest\winKeytest.csproj", "{4AB79E19-E061-431B-B472-2542134B03EB}"
EndProject
Global
	GlobalSection(SolutionConfigurationPlatforms) = preSolution
		Debug|Any CPU = Debug|Any CPU
		Release|Any CPU = Release|Any CPU
	EndGlobalSection
	GlobalSection(ProjectConfigurationPlatforms) = postSolution
		{4AB79E19-E061-431B-B472-2542134B03EB}.Debug|Any CPU.ActiveCfg = Debug|Any CPU
		{4AB79E19-E061-431B-B472-2542134B03EB}.Debug|Any CPU.Build.0 = Debug|Any CPU
		{4AB79E19-E061-431B-B472-2542134B03EB}.Release|Any CPU.ActiveCfg = Release|Any CPU
		{4AB79E19-E061-431B-B472-2542134B03EB}.Release|Any CPU.Build.0 = Release|Any CPU
	EndGlobalSection
	GlobalSection(SolutionProperties) = preSolution
		HideSolutionNode = FALSE
	EndGlobalSection
	GlobalSection(ExtensibilityGlobals) = postSolution
		SolutionGuid = {D1DE8F58-03B7-49AD-9F70-19FB3D55658B}
	EndGlobalSection
EndGlobal
